// !$*UTF8*$!
{
	archiveVersion = 1;
	classes = {
	};
	objectVersion = 46;
	objects = {

/* Begin PBXBuildFile section */
		07F26F5B18D6CDD7D3FB47C1 /* libPods-Bluetooth.a in Frameworks */ = {isa = PBXBuildFile; fileRef = 947C71A65AB8827BDAC39AD1 /* libPods-Bluetooth.a */; };
		9C1E75171AE077470047D04E /* main.m in Sources */ = {isa = PBXBuildFile; fileRef = 9C1E75161AE077470047D04E /* main.m */; };
		9C1E751A1AE077470047D04E /* AppDelegate.m in Sources */ = {isa = PBXBuildFile; fileRef = 9C1E75191AE077470047D04E /* AppDelegate.m */; };
		9C1E75201AE077470047D04E /* Main.storyboard in Resources */ = {isa = PBXBuildFile; fileRef = 9C1E751E1AE077470047D04E /* Main.storyboard */; };
		9C1E75221AE077470047D04E /* Images.xcassets in Resources */ = {isa = PBXBuildFile; fileRef = 9C1E75211AE077470047D04E /* Images.xcassets */; };
		9C1E75251AE077470047D04E /* LaunchScreen.xib in Resources */ = {isa = PBXBuildFile; fileRef = 9C1E75231AE077470047D04E /* LaunchScreen.xib */; };
		9C1E75311AE077470047D04E /* BluetoothTests.m in Sources */ = {isa = PBXBuildFile; fileRef = 9C1E75301AE077470047D04E /* BluetoothTests.m */; };
		9C3200491AE27C3B003721CF /* CoreBluetooth.framework in Frameworks */ = {isa = PBXBuildFile; fileRef = 9C3200481AE27C3B003721CF /* CoreBluetooth.framework */; };
		9C32004F1AE3F188003721CF /* ViewController.m in Sources */ = {isa = PBXBuildFile; fileRef = 9C32004E1AE3F188003721CF /* ViewController.m */; };
		9C3200531AE3F1FF003721CF /* UIFont+Bluetooth.m in Sources */ = {isa = PBXBuildFile; fileRef = 9C3200521AE3F1FF003721CF /* UIFont+Bluetooth.m */; };
		9C3200631AE3F3D4003721CF /* Sketchnote Text Regular.otf in Resources */ = {isa = PBXBuildFile; fileRef = 9C3200561AE3F3D4003721CF /* Sketchnote Text Regular.otf */; };
		9C3200641AE3F3D4003721CF /* SourceSansPro-Black.ttf in Resources */ = {isa = PBXBuildFile; fileRef = 9C3200571AE3F3D4003721CF /* SourceSansPro-Black.ttf */; };
		9C3200651AE3F3D4003721CF /* SourceSansPro-BlackItalic.ttf in Resources */ = {isa = PBXBuildFile; fileRef = 9C3200581AE3F3D4003721CF /* SourceSansPro-BlackItalic.ttf */; };
		9C3200661AE3F3D4003721CF /* SourceSansPro-Bold.ttf in Resources */ = {isa = PBXBuildFile; fileRef = 9C3200591AE3F3D4003721CF /* SourceSansPro-Bold.ttf */; };
		9C3200671AE3F3D4003721CF /* SourceSansPro-BoldItalic.ttf in Resources */ = {isa = PBXBuildFile; fileRef = 9C32005A1AE3F3D4003721CF /* SourceSansPro-BoldItalic.ttf */; };
		9C3200681AE3F3D4003721CF /* SourceSansPro-ExtraLight.ttf in Resources */ = {isa = PBXBuildFile; fileRef = 9C32005B1AE3F3D4003721CF /* SourceSansPro-ExtraLight.ttf */; };
		9C3200691AE3F3D4003721CF /* SourceSansPro-ExtraLightItalic.ttf in Resources */ = {isa = PBXBuildFile; fileRef = 9C32005C1AE3F3D4003721CF /* SourceSansPro-ExtraLightItalic.ttf */; };
		9C32006A1AE3F3D4003721CF /* SourceSansPro-Italic.ttf in Resources */ = {isa = PBXBuildFile; fileRef = 9C32005D1AE3F3D4003721CF /* SourceSansPro-Italic.ttf */; };
		9C32006B1AE3F3D4003721CF /* SourceSansPro-Light.ttf in Resources */ = {isa = PBXBuildFile; fileRef = 9C32005E1AE3F3D4003721CF /* SourceSansPro-Light.ttf */; };
		9C32006C1AE3F3D4003721CF /* SourceSansPro-LightItalic.ttf in Resources */ = {isa = PBXBuildFile; fileRef = 9C32005F1AE3F3D4003721CF /* SourceSansPro-LightItalic.ttf */; };
		9C32006D1AE3F3D4003721CF /* SourceSansPro-Regular.ttf in Resources */ = {isa = PBXBuildFile; fileRef = 9C3200601AE3F3D4003721CF /* SourceSansPro-Regular.ttf */; };
		9C32006E1AE3F3D4003721CF /* SourceSansPro-Semibold.ttf in Resources */ = {isa = PBXBuildFile; fileRef = 9C3200611AE3F3D4003721CF /* SourceSansPro-Semibold.ttf */; };
		9C32006F1AE3F3D4003721CF /* SourceSansPro-SemiboldItalic.ttf in Resources */ = {isa = PBXBuildFile; fileRef = 9C3200621AE3F3D4003721CF /* SourceSansPro-SemiboldItalic.ttf */; };
		9C3200721AE3F43A003721CF /* NSData+Bluetooth.m in Sources */ = {isa = PBXBuildFile; fileRef = 9C3200711AE3F43A003721CF /* NSData+Bluetooth.m */; };
		9C3200791AE40849003721CF /* BTDeviceListViewController.m in Sources */ = {isa = PBXBuildFile; fileRef = 9C3200781AE40849003721CF /* BTDeviceListViewController.m */; };
		9C32007E1AE408A7003721CF /* BTDeviceListTableViewCell.m in Sources */ = {isa = PBXBuildFile; fileRef = 9C32007D1AE408A7003721CF /* BTDeviceListTableViewCell.m */; };
		9C3200811AE408D2003721CF /* BTTableViewCellFactory.m in Sources */ = {isa = PBXBuildFile; fileRef = 9C3200801AE408D2003721CF /* BTTableViewCellFactory.m */; };
		9C351C0D1AECDC9F002620A8 /* UIImage+Bluetooth.m in Sources */ = {isa = PBXBuildFile; fileRef = 9C351C0C1AECDC9F002620A8 /* UIImage+Bluetooth.m */; };
		9C351C111AECE535002620A8 /* BTFadeAnimator.m in Sources */ = {isa = PBXBuildFile; fileRef = 9C351C101AECE535002620A8 /* BTFadeAnimator.m */; };
		9C685AAC1AEAB196001DDC80 /* BTDeviceListSupporter.m in Sources */ = {isa = PBXBuildFile; fileRef = 9C685AAB1AEAB196001DDC80 /* BTDeviceListSupporter.m */; };
		9C685AB61AEAF0F9001DDC80 /* bg_galaxy_02.jpg in Resources */ = {isa = PBXBuildFile; fileRef = 9C685AB21AEAF0F9001DDC80 /* bg_galaxy_02.jpg */; };
		9C685AB71AEAF0F9001DDC80 /* bg_galaxy_01.jpg in Resources */ = {isa = PBXBuildFile; fileRef = 9C685AB31AEAF0F9001DDC80 /* bg_galaxy_01.jpg */; };
		9C685AB81AEAF0F9001DDC80 /* bg_galaxy_03.jpg in Resources */ = {isa = PBXBuildFile; fileRef = 9C685AB41AEAF0F9001DDC80 /* bg_galaxy_03.jpg */; };
		9C685AB91AEAF0F9001DDC80 /* bg_galaxy_04.jpg in Resources */ = {isa = PBXBuildFile; fileRef = 9C685AB51AEAF0F9001DDC80 /* bg_galaxy_04.jpg */; };
		9C685ABC1AEAFE3D001DDC80 /* BTDataPackage.m in Sources */ = {isa = PBXBuildFile; fileRef = 9C685ABB1AEAFE3D001DDC80 /* BTDataPackage.m */; };
		9C685ABF1AEB6D07001DDC80 /* UIColor+Bluetooth.m in Sources */ = {isa = PBXBuildFile; fileRef = 9C685ABE1AEB6D07001DDC80 /* UIColor+Bluetooth.m */; };
		9C685AC21AEC0148001DDC80 /* NSString+Bluetooth.m in Sources */ = {isa = PBXBuildFile; fileRef = 9C685AC11AEC0148001DDC80 /* NSString+Bluetooth.m */; };
		9C685AC41AEC0484001DDC80 /* CoreText.framework in Frameworks */ = {isa = PBXBuildFile; fileRef = 9C685AC31AEC0484001DDC80 /* CoreText.framework */; };
		9C685AC81AEC4B7E001DDC80 /* BTDegreeUnitSwitchCell.m in Sources */ = {isa = PBXBuildFile; fileRef = 9C685AC71AEC4B7E001DDC80 /* BTDegreeUnitSwitchCell.m */; };
		9C685ACC1AEC4CAA001DDC80 /* BTAppState.m in Sources */ = {isa = PBXBuildFile; fileRef = 9C685ACB1AEC4CAA001DDC80 /* BTAppState.m */; };
		9C685AD21AEC59C8001DDC80 /* NSNumber+Bluetooth.m in Sources */ = {isa = PBXBuildFile; fileRef = 9C685AD11AEC59C8001DDC80 /* NSNumber+Bluetooth.m */; };
		9C685AD51AEC9B16001DDC80 /* BTTemperatureAdjustViewController.m in Sources */ = {isa = PBXBuildFile; fileRef = 9C685AD41AEC9B16001DDC80 /* BTTemperatureAdjustViewController.m */; };
		9C685AD91AEC9BF9001DDC80 /* BTCircleView.m in Sources */ = {isa = PBXBuildFile; fileRef = 9C685AD81AEC9BF9001DDC80 /* BTCircleView.m */; };
		9C8B4EA01AEE80E9002955AD /* BTTemperaturePickerViewController.m in Sources */ = {isa = PBXBuildFile; fileRef = 9C8B4E9F1AEE80E9002955AD /* BTTemperaturePickerViewController.m */; };
		9C8B4EA31AEE9187002955AD /* BTLabelTableViewCell.m in Sources */ = {isa = PBXBuildFile; fileRef = 9C8B4EA21AEE9187002955AD /* BTLabelTableViewCell.m */; };
		9C8B4EA61AEE92D3002955AD /* BTTemperaturePickerSupporter.m in Sources */ = {isa = PBXBuildFile; fileRef = 9C8B4EA51AEE92D3002955AD /* BTTemperaturePickerSupporter.m */; };
		9C8B4EAA1AEEB0B8002955AD /* digital-7 (italic).ttf in Resources */ = {isa = PBXBuildFile; fileRef = 9C8B4EA71AEEB0B8002955AD /* digital-7 (italic).ttf */; };
		9C8B4EAB1AEEB0B8002955AD /* digital-7 (mono).ttf in Resources */ = {isa = PBXBuildFile; fileRef = 9C8B4EA81AEEB0B8002955AD /* digital-7 (mono).ttf */; };
		9C8B4EAC1AEEB0B8002955AD /* digital-7.ttf in Resources */ = {isa = PBXBuildFile; fileRef = 9C8B4EA91AEEB0B8002955AD /* digital-7.ttf */; };
		9C8B4EAF1AEEB591002955AD /* BTPickerAnimator.m in Sources */ = {isa = PBXBuildFile; fileRef = 9C8B4EAE1AEEB591002955AD /* BTPickerAnimator.m */; };
		9C8B4EB21AEFDA62002955AD /* BTPackageManager.m in Sources */ = {isa = PBXBuildFile; fileRef = 9C8B4EB11AEFDA62002955AD /* BTPackageManager.m */; };
		9C8B4EB51AF01332002955AD /* CBPeripheral+Bluetooth.m in Sources */ = {isa = PBXBuildFile; fileRef = 9C8B4EB41AF01332002955AD /* CBPeripheral+Bluetooth.m */; };
		9C8B4EB81AF0146B002955AD /* CBService+Bluetooth.m in Sources */ = {isa = PBXBuildFile; fileRef = 9C8B4EB71AF0146B002955AD /* CBService+Bluetooth.m */; };
		9C9356211AECB4BB00437689 /* BTTemperatureFanView.m in Sources */ = {isa = PBXBuildFile; fileRef = 9C9356201AECB4BB00437689 /* BTTemperatureFanView.m */; };
		9CD08DA21AE9A6DE0051D4F5 /* CBUUID+Bluetooth.m in Sources */ = {isa = PBXBuildFile; fileRef = 9CD08DA11AE9A6DE0051D4F5 /* CBUUID+Bluetooth.m */; };
		9CD08DA51AE9B3DC0051D4F5 /* BTBLEServiceCharacteristicMapper.m in Sources */ = {isa = PBXBuildFile; fileRef = 9CD08DA41AE9B3DC0051D4F5 /* BTBLEServiceCharacteristicMapper.m */; };
		9CF17BA91AE8AA8300831B16 /* BTBluetoothManager.m in Sources */ = {isa = PBXBuildFile; fileRef = 9CF17BA81AE8AA8300831B16 /* BTBluetoothManager.m */; };
/* End PBXBuildFile section */

/* Begin PBXContainerItemProxy section */
		9C1E752B1AE077470047D04E /* PBXContainerItemProxy */ = {
			isa = PBXContainerItemProxy;
			containerPortal = 9C1E75091AE077470047D04E /* Project object */;
			proxyType = 1;
			remoteGlobalIDString = 9C1E75101AE077470047D04E;
			remoteInfo = Bluetooth;
		};
/* End PBXContainerItemProxy section */

/* Begin PBXFileReference section */
		7FC142BA1D03E919395E2655 /* Pods-Bluetooth.release.xcconfig */ = {isa = PBXFileReference; includeInIndex = 1; lastKnownFileType = text.xcconfig; name = "Pods-Bluetooth.release.xcconfig"; path = "Pods/Target Support Files/Pods-Bluetooth/Pods-Bluetooth.release.xcconfig"; sourceTree = "<group>"; };
		947C71A65AB8827BDAC39AD1 /* libPods-Bluetooth.a */ = {isa = PBXFileReference; explicitFileType = archive.ar; includeInIndex = 0; path = "libPods-Bluetooth.a"; sourceTree = BUILT_PRODUCTS_DIR; };
		9C1E75111AE077470047D04E /* Bluetooth.app */ = {isa = PBXFileReference; explicitFileType = wrapper.application; includeInIndex = 0; path = Bluetooth.app; sourceTree = BUILT_PRODUCTS_DIR; };
		9C1E75151AE077470047D04E /* Info.plist */ = {isa = PBXFileReference; lastKnownFileType = text.plist.xml; path = Info.plist; sourceTree = "<group>"; };
		9C1E75161AE077470047D04E /* main.m */ = {isa = PBXFileReference; lastKnownFileType = sourcecode.c.objc; path = main.m; sourceTree = "<group>"; };
		9C1E75181AE077470047D04E /* AppDelegate.h */ = {isa = PBXFileReference; lastKnownFileType = sourcecode.c.h; path = AppDelegate.h; sourceTree = "<group>"; };
		9C1E75191AE077470047D04E /* AppDelegate.m */ = {isa = PBXFileReference; lastKnownFileType = sourcecode.c.objc; path = AppDelegate.m; sourceTree = "<group>"; };
		9C1E751F1AE077470047D04E /* Base */ = {isa = PBXFileReference; lastKnownFileType = file.storyboard; name = Base; path = Base.lproj/Main.storyboard; sourceTree = "<group>"; };
		9C1E75211AE077470047D04E /* Images.xcassets */ = {isa = PBXFileReference; lastKnownFileType = folder.assetcatalog; path = Images.xcassets; sourceTree = "<group>"; };
		9C1E75241AE077470047D04E /* Base */ = {isa = PBXFileReference; lastKnownFileType = file.xib; name = Base; path = Base.lproj/LaunchScreen.xib; sourceTree = "<group>"; };
		9C1E752A1AE077470047D04E /* BluetoothTests.xctest */ = {isa = PBXFileReference; explicitFileType = wrapper.cfbundle; includeInIndex = 0; path = BluetoothTests.xctest; sourceTree = BUILT_PRODUCTS_DIR; };
		9C1E752F1AE077470047D04E /* Info.plist */ = {isa = PBXFileReference; lastKnownFileType = text.plist.xml; path = Info.plist; sourceTree = "<group>"; };
		9C1E75301AE077470047D04E /* BluetoothTests.m */ = {isa = PBXFileReference; lastKnownFileType = sourcecode.c.objc; path = BluetoothTests.m; sourceTree = "<group>"; };
		9C3200481AE27C3B003721CF /* CoreBluetooth.framework */ = {isa = PBXFileReference; lastKnownFileType = wrapper.framework; name = CoreBluetooth.framework; path = System/Library/Frameworks/CoreBluetooth.framework; sourceTree = SDKROOT; };
		9C32004D1AE3F188003721CF /* ViewController.h */ = {isa = PBXFileReference; fileEncoding = 4; lastKnownFileType = sourcecode.c.h; path = ViewController.h; sourceTree = "<group>"; };
		9C32004E1AE3F188003721CF /* ViewController.m */ = {isa = PBXFileReference; fileEncoding = 4; lastKnownFileType = sourcecode.c.objc; path = ViewController.m; sourceTree = "<group>"; };
		9C3200511AE3F1FF003721CF /* UIFont+Bluetooth.h */ = {isa = PBXFileReference; fileEncoding = 4; lastKnownFileType = sourcecode.c.h; path = "UIFont+Bluetooth.h"; sourceTree = "<group>"; };
		9C3200521AE3F1FF003721CF /* UIFont+Bluetooth.m */ = {isa = PBXFileReference; fileEncoding = 4; lastKnownFileType = sourcecode.c.objc; path = "UIFont+Bluetooth.m"; sourceTree = "<group>"; };
		9C3200561AE3F3D4003721CF /* Sketchnote Text Regular.otf */ = {isa = PBXFileReference; lastKnownFileType = file; path = "Sketchnote Text Regular.otf"; sourceTree = "<group>"; };
		9C3200571AE3F3D4003721CF /* SourceSansPro-Black.ttf */ = {isa = PBXFileReference; lastKnownFileType = file; path = "SourceSansPro-Black.ttf"; sourceTree = "<group>"; };
		9C3200581AE3F3D4003721CF /* SourceSansPro-BlackItalic.ttf */ = {isa = PBXFileReference; lastKnownFileType = file; path = "SourceSansPro-BlackItalic.ttf"; sourceTree = "<group>"; };
		9C3200591AE3F3D4003721CF /* SourceSansPro-Bold.ttf */ = {isa = PBXFileReference; lastKnownFileType = file; path = "SourceSansPro-Bold.ttf"; sourceTree = "<group>"; };
		9C32005A1AE3F3D4003721CF /* SourceSansPro-BoldItalic.ttf */ = {isa = PBXFileReference; lastKnownFileType = file; path = "SourceSansPro-BoldItalic.ttf"; sourceTree = "<group>"; };
		9C32005B1AE3F3D4003721CF /* SourceSansPro-ExtraLight.ttf */ = {isa = PBXFileReference; lastKnownFileType = file; path = "SourceSansPro-ExtraLight.ttf"; sourceTree = "<group>"; };
		9C32005C1AE3F3D4003721CF /* SourceSansPro-ExtraLightItalic.ttf */ = {isa = PBXFileReference; lastKnownFileType = file; path = "SourceSansPro-ExtraLightItalic.ttf"; sourceTree = "<group>"; };
		9C32005D1AE3F3D4003721CF /* SourceSansPro-Italic.ttf */ = {isa = PBXFileReference; lastKnownFileType = file; path = "SourceSansPro-Italic.ttf"; sourceTree = "<group>"; };
		9C32005E1AE3F3D4003721CF /* SourceSansPro-Light.ttf */ = {isa = PBXFileReference; lastKnownFileType = file; path = "SourceSansPro-Light.ttf"; sourceTree = "<group>"; };
		9C32005F1AE3F3D4003721CF /* SourceSansPro-LightItalic.ttf */ = {isa = PBXFileReference; lastKnownFileType = file; path = "SourceSansPro-LightItalic.ttf"; sourceTree = "<group>"; };
		9C3200601AE3F3D4003721CF /* SourceSansPro-Regular.ttf */ = {isa = PBXFileReference; lastKnownFileType = file; path = "SourceSansPro-Regular.ttf"; sourceTree = "<group>"; };
		9C3200611AE3F3D4003721CF /* SourceSansPro-Semibold.ttf */ = {isa = PBXFileReference; lastKnownFileType = file; path = "SourceSansPro-Semibold.ttf"; sourceTree = "<group>"; };
		9C3200621AE3F3D4003721CF /* SourceSansPro-SemiboldItalic.ttf */ = {isa = PBXFileReference; lastKnownFileType = file; path = "SourceSansPro-SemiboldItalic.ttf"; sourceTree = "<group>"; };
		9C3200701AE3F43A003721CF /* NSData+Bluetooth.h */ = {isa = PBXFileReference; fileEncoding = 4; lastKnownFileType = sourcecode.c.h; path = "NSData+Bluetooth.h"; sourceTree = "<group>"; };
		9C3200711AE3F43A003721CF /* NSData+Bluetooth.m */ = {isa = PBXFileReference; fileEncoding = 4; lastKnownFileType = sourcecode.c.objc; path = "NSData+Bluetooth.m"; sourceTree = "<group>"; };
		9C3200731AE3F6FA003721CF /* Bluetooth-PrefixHeader.pch */ = {isa = PBXFileReference; lastKnownFileType = sourcecode.c.h; path = "Bluetooth-PrefixHeader.pch"; sourceTree = "<group>"; };
		9C3200771AE40849003721CF /* BTDeviceListViewController.h */ = {isa = PBXFileReference; fileEncoding = 4; lastKnownFileType = sourcecode.c.h; path = BTDeviceListViewController.h; sourceTree = "<group>"; };
		9C3200781AE40849003721CF /* BTDeviceListViewController.m */ = {isa = PBXFileReference; fileEncoding = 4; lastKnownFileType = sourcecode.c.objc; path = BTDeviceListViewController.m; sourceTree = "<group>"; };
		9C32007C1AE408A7003721CF /* BTDeviceListTableViewCell.h */ = {isa = PBXFileReference; fileEncoding = 4; lastKnownFileType = sourcecode.c.h; path = BTDeviceListTableViewCell.h; sourceTree = "<group>"; };
		9C32007D1AE408A7003721CF /* BTDeviceListTableViewCell.m */ = {isa = PBXFileReference; fileEncoding = 4; lastKnownFileType = sourcecode.c.objc; path = BTDeviceListTableViewCell.m; sourceTree = "<group>"; };
		9C32007F1AE408D2003721CF /* BTTableViewCellFactory.h */ = {isa = PBXFileReference; fileEncoding = 4; lastKnownFileType = sourcecode.c.h; path = BTTableViewCellFactory.h; sourceTree = "<group>"; };
		9C3200801AE408D2003721CF /* BTTableViewCellFactory.m */ = {isa = PBXFileReference; fileEncoding = 4; lastKnownFileType = sourcecode.c.objc; path = BTTableViewCellFactory.m; sourceTree = "<group>"; };
		9C351C0B1AECDC9F002620A8 /* UIImage+Bluetooth.h */ = {isa = PBXFileReference; fileEncoding = 4; lastKnownFileType = sourcecode.c.h; path = "UIImage+Bluetooth.h"; sourceTree = "<group>"; };
		9C351C0C1AECDC9F002620A8 /* UIImage+Bluetooth.m */ = {isa = PBXFileReference; fileEncoding = 4; lastKnownFileType = sourcecode.c.objc; path = "UIImage+Bluetooth.m"; sourceTree = "<group>"; };
		9C351C0F1AECE535002620A8 /* BTFadeAnimator.h */ = {isa = PBXFileReference; fileEncoding = 4; lastKnownFileType = sourcecode.c.h; path = BTFadeAnimator.h; sourceTree = "<group>"; };
		9C351C101AECE535002620A8 /* BTFadeAnimator.m */ = {isa = PBXFileReference; fileEncoding = 4; lastKnownFileType = sourcecode.c.objc; path = BTFadeAnimator.m; sourceTree = "<group>"; };
		9C685AAA1AEAB196001DDC80 /* BTDeviceListSupporter.h */ = {isa = PBXFileReference; fileEncoding = 4; lastKnownFileType = sourcecode.c.h; path = BTDeviceListSupporter.h; sourceTree = "<group>"; };
		9C685AAB1AEAB196001DDC80 /* BTDeviceListSupporter.m */ = {isa = PBXFileReference; fileEncoding = 4; lastKnownFileType = sourcecode.c.objc; path = BTDeviceListSupporter.m; sourceTree = "<group>"; };
		9C685AAD1AEAB262001DDC80 /* BTConstants.h */ = {isa = PBXFileReference; lastKnownFileType = sourcecode.c.h; path = BTConstants.h; sourceTree = "<group>"; };
		9C685AB21AEAF0F9001DDC80 /* bg_galaxy_02.jpg */ = {isa = PBXFileReference; lastKnownFileType = image.jpeg; path = bg_galaxy_02.jpg; sourceTree = "<group>"; };
		9C685AB31AEAF0F9001DDC80 /* bg_galaxy_01.jpg */ = {isa = PBXFileReference; lastKnownFileType = image.jpeg; path = bg_galaxy_01.jpg; sourceTree = "<group>"; };
		9C685AB41AEAF0F9001DDC80 /* bg_galaxy_03.jpg */ = {isa = PBXFileReference; lastKnownFileType = image.jpeg; path = bg_galaxy_03.jpg; sourceTree = "<group>"; };
		9C685AB51AEAF0F9001DDC80 /* bg_galaxy_04.jpg */ = {isa = PBXFileReference; lastKnownFileType = image.jpeg; path = bg_galaxy_04.jpg; sourceTree = "<group>"; };
		9C685ABA1AEAFE3D001DDC80 /* BTDataPackage.h */ = {isa = PBXFileReference; fileEncoding = 4; lastKnownFileType = sourcecode.c.h; path = BTDataPackage.h; sourceTree = "<group>"; };
		9C685ABB1AEAFE3D001DDC80 /* BTDataPackage.m */ = {isa = PBXFileReference; fileEncoding = 4; lastKnownFileType = sourcecode.c.objc; path = BTDataPackage.m; sourceTree = "<group>"; };
		9C685ABD1AEB6D07001DDC80 /* UIColor+Bluetooth.h */ = {isa = PBXFileReference; fileEncoding = 4; lastKnownFileType = sourcecode.c.h; path = "UIColor+Bluetooth.h"; sourceTree = "<group>"; };
		9C685ABE1AEB6D07001DDC80 /* UIColor+Bluetooth.m */ = {isa = PBXFileReference; fileEncoding = 4; lastKnownFileType = sourcecode.c.objc; path = "UIColor+Bluetooth.m"; sourceTree = "<group>"; };
		9C685AC01AEC0148001DDC80 /* NSString+Bluetooth.h */ = {isa = PBXFileReference; fileEncoding = 4; lastKnownFileType = sourcecode.c.h; path = "NSString+Bluetooth.h"; sourceTree = "<group>"; };
		9C685AC11AEC0148001DDC80 /* NSString+Bluetooth.m */ = {isa = PBXFileReference; fileEncoding = 4; lastKnownFileType = sourcecode.c.objc; path = "NSString+Bluetooth.m"; sourceTree = "<group>"; };
		9C685AC31AEC0484001DDC80 /* CoreText.framework */ = {isa = PBXFileReference; lastKnownFileType = wrapper.framework; name = CoreText.framework; path = System/Library/Frameworks/CoreText.framework; sourceTree = SDKROOT; };
		9C685AC61AEC4B7E001DDC80 /* BTDegreeUnitSwitchCell.h */ = {isa = PBXFileReference; fileEncoding = 4; lastKnownFileType = sourcecode.c.h; path = BTDegreeUnitSwitchCell.h; sourceTree = "<group>"; };
		9C685AC71AEC4B7E001DDC80 /* BTDegreeUnitSwitchCell.m */ = {isa = PBXFileReference; fileEncoding = 4; lastKnownFileType = sourcecode.c.objc; path = BTDegreeUnitSwitchCell.m; sourceTree = "<group>"; };
		9C685ACA1AEC4CAA001DDC80 /* BTAppState.h */ = {isa = PBXFileReference; fileEncoding = 4; lastKnownFileType = sourcecode.c.h; path = BTAppState.h; sourceTree = "<group>"; };
		9C685ACB1AEC4CAA001DDC80 /* BTAppState.m */ = {isa = PBXFileReference; fileEncoding = 4; lastKnownFileType = sourcecode.c.objc; path = BTAppState.m; sourceTree = "<group>"; };
		9C685AD01AEC59C8001DDC80 /* NSNumber+Bluetooth.h */ = {isa = PBXFileReference; fileEncoding = 4; lastKnownFileType = sourcecode.c.h; path = "NSNumber+Bluetooth.h"; sourceTree = "<group>"; };
		9C685AD11AEC59C8001DDC80 /* NSNumber+Bluetooth.m */ = {isa = PBXFileReference; fileEncoding = 4; lastKnownFileType = sourcecode.c.objc; path = "NSNumber+Bluetooth.m"; sourceTree = "<group>"; };
		9C685AD31AEC9B16001DDC80 /* BTTemperatureAdjustViewController.h */ = {isa = PBXFileReference; fileEncoding = 4; lastKnownFileType = sourcecode.c.h; path = BTTemperatureAdjustViewController.h; sourceTree = "<group>"; };
		9C685AD41AEC9B16001DDC80 /* BTTemperatureAdjustViewController.m */ = {isa = PBXFileReference; fileEncoding = 4; lastKnownFileType = sourcecode.c.objc; path = BTTemperatureAdjustViewController.m; sourceTree = "<group>"; };
		9C685AD71AEC9BF9001DDC80 /* BTCircleView.h */ = {isa = PBXFileReference; fileEncoding = 4; lastKnownFileType = sourcecode.c.h; path = BTCircleView.h; sourceTree = "<group>"; };
		9C685AD81AEC9BF9001DDC80 /* BTCircleView.m */ = {isa = PBXFileReference; fileEncoding = 4; lastKnownFileType = sourcecode.c.objc; path = BTCircleView.m; sourceTree = "<group>"; };
		9C8B4E9E1AEE80E9002955AD /* BTTemperaturePickerViewController.h */ = {isa = PBXFileReference; fileEncoding = 4; lastKnownFileType = sourcecode.c.h; path = BTTemperaturePickerViewController.h; sourceTree = "<group>"; };
		9C8B4E9F1AEE80E9002955AD /* BTTemperaturePickerViewController.m */ = {isa = PBXFileReference; fileEncoding = 4; lastKnownFileType = sourcecode.c.objc; path = BTTemperaturePickerViewController.m; sourceTree = "<group>"; };
		9C8B4EA11AEE9187002955AD /* BTLabelTableViewCell.h */ = {isa = PBXFileReference; fileEncoding = 4; lastKnownFileType = sourcecode.c.h; path = BTLabelTableViewCell.h; sourceTree = "<group>"; };
		9C8B4EA21AEE9187002955AD /* BTLabelTableViewCell.m */ = {isa = PBXFileReference; fileEncoding = 4; lastKnownFileType = sourcecode.c.objc; path = BTLabelTableViewCell.m; sourceTree = "<group>"; };
		9C8B4EA41AEE92D3002955AD /* BTTemperaturePickerSupporter.h */ = {isa = PBXFileReference; fileEncoding = 4; lastKnownFileType = sourcecode.c.h; path = BTTemperaturePickerSupporter.h; sourceTree = "<group>"; };
		9C8B4EA51AEE92D3002955AD /* BTTemperaturePickerSupporter.m */ = {isa = PBXFileReference; fileEncoding = 4; lastKnownFileType = sourcecode.c.objc; path = BTTemperaturePickerSupporter.m; sourceTree = "<group>"; };
		9C8B4EA71AEEB0B8002955AD /* digital-7 (italic).ttf */ = {isa = PBXFileReference; lastKnownFileType = file; path = "digital-7 (italic).ttf"; sourceTree = "<group>"; };
		9C8B4EA81AEEB0B8002955AD /* digital-7 (mono).ttf */ = {isa = PBXFileReference; lastKnownFileType = file; path = "digital-7 (mono).ttf"; sourceTree = "<group>"; };
		9C8B4EA91AEEB0B8002955AD /* digital-7.ttf */ = {isa = PBXFileReference; lastKnownFileType = file; path = "digital-7.ttf"; sourceTree = "<group>"; };
		9C8B4EAD1AEEB591002955AD /* BTPickerAnimator.h */ = {isa = PBXFileReference; fileEncoding = 4; lastKnownFileType = sourcecode.c.h; path = BTPickerAnimator.h; sourceTree = "<group>"; };
		9C8B4EAE1AEEB591002955AD /* BTPickerAnimator.m */ = {isa = PBXFileReference; fileEncoding = 4; lastKnownFileType = sourcecode.c.objc; path = BTPickerAnimator.m; sourceTree = "<group>"; };
		9C8B4EB01AEFDA62002955AD /* BTPackageManager.h */ = {isa = PBXFileReference; fileEncoding = 4; lastKnownFileType = sourcecode.c.h; path = BTPackageManager.h; sourceTree = "<group>"; };
		9C8B4EB11AEFDA62002955AD /* BTPackageManager.m */ = {isa = PBXFileReference; fileEncoding = 4; lastKnownFileType = sourcecode.c.objc; path = BTPackageManager.m; sourceTree = "<group>"; };
		9C8B4EB31AF01332002955AD /* CBPeripheral+Bluetooth.h */ = {isa = PBXFileReference; fileEncoding = 4; lastKnownFileType = sourcecode.c.h; path = "CBPeripheral+Bluetooth.h"; sourceTree = "<group>"; };
		9C8B4EB41AF01332002955AD /* CBPeripheral+Bluetooth.m */ = {isa = PBXFileReference; fileEncoding = 4; lastKnownFileType = sourcecode.c.objc; path = "CBPeripheral+Bluetooth.m"; sourceTree = "<group>"; };
		9C8B4EB61AF0146B002955AD /* CBService+Bluetooth.h */ = {isa = PBXFileReference; fileEncoding = 4; lastKnownFileType = sourcecode.c.h; path = "CBService+Bluetooth.h"; sourceTree = "<group>"; };
		9C8B4EB71AF0146B002955AD /* CBService+Bluetooth.m */ = {isa = PBXFileReference; fileEncoding = 4; lastKnownFileType = sourcecode.c.objc; path = "CBService+Bluetooth.m"; sourceTree = "<group>"; };
		9C93561F1AECB4BB00437689 /* BTTemperatureFanView.h */ = {isa = PBXFileReference; fileEncoding = 4; lastKnownFileType = sourcecode.c.h; path = BTTemperatureFanView.h; sourceTree = "<group>"; };
		9C9356201AECB4BB00437689 /* BTTemperatureFanView.m */ = {isa = PBXFileReference; fileEncoding = 4; lastKnownFileType = sourcecode.c.objc; path = BTTemperatureFanView.m; sourceTree = "<group>"; };
		9CD08DA01AE9A6DE0051D4F5 /* CBUUID+Bluetooth.h */ = {isa = PBXFileReference; fileEncoding = 4; lastKnownFileType = sourcecode.c.h; path = "CBUUID+Bluetooth.h"; sourceTree = "<group>"; };
		9CD08DA11AE9A6DE0051D4F5 /* CBUUID+Bluetooth.m */ = {isa = PBXFileReference; fileEncoding = 4; lastKnownFileType = sourcecode.c.objc; path = "CBUUID+Bluetooth.m"; sourceTree = "<group>"; };
		9CD08DA31AE9B3DC0051D4F5 /* BTBLEServiceCharacteristicMapper.h */ = {isa = PBXFileReference; fileEncoding = 4; lastKnownFileType = sourcecode.c.h; path = BTBLEServiceCharacteristicMapper.h; sourceTree = "<group>"; };
		9CD08DA41AE9B3DC0051D4F5 /* BTBLEServiceCharacteristicMapper.m */ = {isa = PBXFileReference; fileEncoding = 4; lastKnownFileType = sourcecode.c.objc; path = BTBLEServiceCharacteristicMapper.m; sourceTree = "<group>"; };
		9CF17BA71AE8AA8300831B16 /* BTBluetoothManager.h */ = {isa = PBXFileReference; fileEncoding = 4; lastKnownFileType = sourcecode.c.h; path = BTBluetoothManager.h; sourceTree = "<group>"; };
		9CF17BA81AE8AA8300831B16 /* BTBluetoothManager.m */ = {isa = PBXFileReference; fileEncoding = 4; lastKnownFileType = sourcecode.c.objc; path = BTBluetoothManager.m; sourceTree = "<group>"; };
		B36F6CACB97035D430073360 /* Pods-Bluetooth.debug.xcconfig */ = {isa = PBXFileReference; includeInIndex = 1; lastKnownFileType = text.xcconfig; name = "Pods-Bluetooth.debug.xcconfig"; path = "Pods/Target Support Files/Pods-Bluetooth/Pods-Bluetooth.debug.xcconfig"; sourceTree = "<group>"; };
/* End PBXFileReference section */

/* Begin PBXFrameworksBuildPhase section */
		9C1E750E1AE077470047D04E /* Frameworks */ = {
			isa = PBXFrameworksBuildPhase;
			buildActionMask = 2147483647;
			files = (
				9C685AC41AEC0484001DDC80 /* CoreText.framework in Frameworks */,
				9C3200491AE27C3B003721CF /* CoreBluetooth.framework in Frameworks */,
				07F26F5B18D6CDD7D3FB47C1 /* libPods-Bluetooth.a in Frameworks */,
			);
			runOnlyForDeploymentPostprocessing = 0;
		};
		9C1E75271AE077470047D04E /* Frameworks */ = {
			isa = PBXFrameworksBuildPhase;
			buildActionMask = 2147483647;
			files = (
			);
			runOnlyForDeploymentPostprocessing = 0;
		};
/* End PBXFrameworksBuildPhase section */

/* Begin PBXGroup section */
		34896D03055EC89807EE5E28 /* Pods */ = {
			isa = PBXGroup;
			children = (
				B36F6CACB97035D430073360 /* Pods-Bluetooth.debug.xcconfig */,
				7FC142BA1D03E919395E2655 /* Pods-Bluetooth.release.xcconfig */,
			);
			name = Pods;
			sourceTree = "<group>";
		};
		9C1E75081AE077470047D04E = {
			isa = PBXGroup;
			children = (
				9C1E75131AE077470047D04E /* Bluetooth */,
				9C1E752D1AE077470047D04E /* BluetoothTests */,
				9C1E75121AE077470047D04E /* Products */,
				34896D03055EC89807EE5E28 /* Pods */,
				A8264DFFDCEBA048FDAD36FB /* Frameworks */,
			);
			sourceTree = "<group>";
		};
		9C1E75121AE077470047D04E /* Products */ = {
			isa = PBXGroup;
			children = (
				9C1E75111AE077470047D04E /* Bluetooth.app */,
				9C1E752A1AE077470047D04E /* BluetoothTests.xctest */,
			);
			name = Products;
			sourceTree = "<group>";
		};
		9C1E75131AE077470047D04E /* Bluetooth */ = {
			isa = PBXGroup;
			children = (
				9C351C0E1AECE518002620A8 /* Animations */,
				9C685AC91AEC4C9E001DDC80 /* Global */,
				9C685AA91AEAB174001DDC80 /* Models */,
				9C32007A1AE40879003721CF /* Views */,
				9C3200541AE3F3D4003721CF /* Resources */,
				9C32004A1AE3F16E003721CF /* Controllers */,
				9C32004B1AE3F16E003721CF /* Categories */,
				9C32004C1AE3F16E003721CF /* Services */,
				9C1E75181AE077470047D04E /* AppDelegate.h */,
				9C1E75191AE077470047D04E /* AppDelegate.m */,
				9C1E751E1AE077470047D04E /* Main.storyboard */,
				9C1E75211AE077470047D04E /* Images.xcassets */,
				9C1E75231AE077470047D04E /* LaunchScreen.xib */,
				9C1E75141AE077470047D04E /* Supporting Files */,
			);
			path = Bluetooth;
			sourceTree = "<group>";
		};
		9C1E75141AE077470047D04E /* Supporting Files */ = {
			isa = PBXGroup;
			children = (
				9C1E75151AE077470047D04E /* Info.plist */,
				9C1E75161AE077470047D04E /* main.m */,
				9C3200731AE3F6FA003721CF /* Bluetooth-PrefixHeader.pch */,
				9C685AAD1AEAB262001DDC80 /* BTConstants.h */,
			);
			name = "Supporting Files";
			sourceTree = "<group>";
		};
		9C1E752D1AE077470047D04E /* BluetoothTests */ = {
			isa = PBXGroup;
			children = (
				9C1E75301AE077470047D04E /* BluetoothTests.m */,
				9C1E752E1AE077470047D04E /* Supporting Files */,
			);
			path = BluetoothTests;
			sourceTree = "<group>";
		};
		9C1E752E1AE077470047D04E /* Supporting Files */ = {
			isa = PBXGroup;
			children = (
				9C1E752F1AE077470047D04E /* Info.plist */,
			);
			name = "Supporting Files";
			sourceTree = "<group>";
		};
		9C32004A1AE3F16E003721CF /* Controllers */ = {
			isa = PBXGroup;
			children = (
				9C32004D1AE3F188003721CF /* ViewController.h */,
				9C32004E1AE3F188003721CF /* ViewController.m */,
				9C3200771AE40849003721CF /* BTDeviceListViewController.h */,
				9C3200781AE40849003721CF /* BTDeviceListViewController.m */,
				9C685AD31AEC9B16001DDC80 /* BTTemperatureAdjustViewController.h */,
				9C685AD41AEC9B16001DDC80 /* BTTemperatureAdjustViewController.m */,
				9C8B4E9E1AEE80E9002955AD /* BTTemperaturePickerViewController.h */,
				9C8B4E9F1AEE80E9002955AD /* BTTemperaturePickerViewController.m */,
			);
			path = Controllers;
			sourceTree = "<group>";
		};
		9C32004B1AE3F16E003721CF /* Categories */ = {
			isa = PBXGroup;
			children = (
				9C3200511AE3F1FF003721CF /* UIFont+Bluetooth.h */,
				9C3200521AE3F1FF003721CF /* UIFont+Bluetooth.m */,
				9C3200701AE3F43A003721CF /* NSData+Bluetooth.h */,
				9C3200711AE3F43A003721CF /* NSData+Bluetooth.m */,
				9CD08DA01AE9A6DE0051D4F5 /* CBUUID+Bluetooth.h */,
				9CD08DA11AE9A6DE0051D4F5 /* CBUUID+Bluetooth.m */,
				9C685ABD1AEB6D07001DDC80 /* UIColor+Bluetooth.h */,
				9C685ABE1AEB6D07001DDC80 /* UIColor+Bluetooth.m */,
				9C685AC01AEC0148001DDC80 /* NSString+Bluetooth.h */,
				9C685AC11AEC0148001DDC80 /* NSString+Bluetooth.m */,
				9C685AD01AEC59C8001DDC80 /* NSNumber+Bluetooth.h */,
				9C685AD11AEC59C8001DDC80 /* NSNumber+Bluetooth.m */,
				9C351C0B1AECDC9F002620A8 /* UIImage+Bluetooth.h */,
				9C351C0C1AECDC9F002620A8 /* UIImage+Bluetooth.m */,
				9C8B4EB31AF01332002955AD /* CBPeripheral+Bluetooth.h */,
				9C8B4EB41AF01332002955AD /* CBPeripheral+Bluetooth.m */,
				9C8B4EB61AF0146B002955AD /* CBService+Bluetooth.h */,
				9C8B4EB71AF0146B002955AD /* CBService+Bluetooth.m */,
			);
			name = Categories;
			path = Extensions;
			sourceTree = "<group>";
		};
		9C32004C1AE3F16E003721CF /* Services */ = {
			isa = PBXGroup;
			children = (
				9C3200501AE3F1A2003721CF /* Bluetooth */,
			);
			path = Services;
			sourceTree = "<group>";
		};
		9C3200501AE3F1A2003721CF /* Bluetooth */ = {
			isa = PBXGroup;
			children = (
				9CF17BA71AE8AA8300831B16 /* BTBluetoothManager.h */,
				9CF17BA81AE8AA8300831B16 /* BTBluetoothManager.m */,
				9CD08DA31AE9B3DC0051D4F5 /* BTBLEServiceCharacteristicMapper.h */,
				9CD08DA41AE9B3DC0051D4F5 /* BTBLEServiceCharacteristicMapper.m */,
				9C8B4EB01AEFDA62002955AD /* BTPackageManager.h */,
				9C8B4EB11AEFDA62002955AD /* BTPackageManager.m */,
			);
			path = Bluetooth;
			sourceTree = "<group>";
		};
		9C3200541AE3F3D4003721CF /* Resources */ = {
			isa = PBXGroup;
			children = (
				9C685AB11AEAF0E9001DDC80 /* Images */,
				9C3200551AE3F3D4003721CF /* Fonts */,
			);
			path = Resources;
			sourceTree = "<group>";
		};
		9C3200551AE3F3D4003721CF /* Fonts */ = {
			isa = PBXGroup;
			children = (
				9C8B4EA71AEEB0B8002955AD /* digital-7 (italic).ttf */,
				9C8B4EA81AEEB0B8002955AD /* digital-7 (mono).ttf */,
				9C8B4EA91AEEB0B8002955AD /* digital-7.ttf */,
				9C3200561AE3F3D4003721CF /* Sketchnote Text Regular.otf */,
				9C3200571AE3F3D4003721CF /* SourceSansPro-Black.ttf */,
				9C3200581AE3F3D4003721CF /* SourceSansPro-BlackItalic.ttf */,
				9C3200591AE3F3D4003721CF /* SourceSansPro-Bold.ttf */,
				9C32005A1AE3F3D4003721CF /* SourceSansPro-BoldItalic.ttf */,
				9C32005B1AE3F3D4003721CF /* SourceSansPro-ExtraLight.ttf */,
				9C32005C1AE3F3D4003721CF /* SourceSansPro-ExtraLightItalic.ttf */,
				9C32005D1AE3F3D4003721CF /* SourceSansPro-Italic.ttf */,
				9C32005E1AE3F3D4003721CF /* SourceSansPro-Light.ttf */,
				9C32005F1AE3F3D4003721CF /* SourceSansPro-LightItalic.ttf */,
				9C3200601AE3F3D4003721CF /* SourceSansPro-Regular.ttf */,
				9C3200611AE3F3D4003721CF /* SourceSansPro-Semibold.ttf */,
				9C3200621AE3F3D4003721CF /* SourceSansPro-SemiboldItalic.ttf */,
			);
			path = Fonts;
			sourceTree = "<group>";
		};
		9C32007A1AE40879003721CF /* Views */ = {
			isa = PBXGroup;
			children = (
				9C685AD61AEC9BE4001DDC80 /* Views */,
				9C685AC51AEC4B27001DDC80 /* Controls */,
				9C32007B1AE40889003721CF /* Cells */,
			);
			path = Views;
			sourceTree = "<group>";
		};
		9C32007B1AE40889003721CF /* Cells */ = {
			isa = PBXGroup;
			children = (
				9C32007C1AE408A7003721CF /* BTDeviceListTableViewCell.h */,
				9C32007D1AE408A7003721CF /* BTDeviceListTableViewCell.m */,
				9C32007F1AE408D2003721CF /* BTTableViewCellFactory.h */,
				9C3200801AE408D2003721CF /* BTTableViewCellFactory.m */,
				9C685AC61AEC4B7E001DDC80 /* BTDegreeUnitSwitchCell.h */,
				9C685AC71AEC4B7E001DDC80 /* BTDegreeUnitSwitchCell.m */,
				9C8B4EA11AEE9187002955AD /* BTLabelTableViewCell.h */,
				9C8B4EA21AEE9187002955AD /* BTLabelTableViewCell.m */,
			);
			path = Cells;
			sourceTree = "<group>";
		};
		9C351C0E1AECE518002620A8 /* Animations */ = {
			isa = PBXGroup;
			children = (
				9C351C0F1AECE535002620A8 /* BTFadeAnimator.h */,
				9C351C101AECE535002620A8 /* BTFadeAnimator.m */,
				9C8B4EAD1AEEB591002955AD /* BTPickerAnimator.h */,
				9C8B4EAE1AEEB591002955AD /* BTPickerAnimator.m */,
			);
			path = Animations;
			sourceTree = "<group>";
		};
		9C685AA91AEAB174001DDC80 /* Models */ = {
			isa = PBXGroup;
			children = (
				9C685AAA1AEAB196001DDC80 /* BTDeviceListSupporter.h */,
				9C685AAB1AEAB196001DDC80 /* BTDeviceListSupporter.m */,
				9C685ABA1AEAFE3D001DDC80 /* BTDataPackage.h */,
				9C685ABB1AEAFE3D001DDC80 /* BTDataPackage.m */,
				9C8B4EA41AEE92D3002955AD /* BTTemperaturePickerSupporter.h */,
				9C8B4EA51AEE92D3002955AD /* BTTemperaturePickerSupporter.m */,
			);
			path = Models;
			sourceTree = "<group>";
		};
		9C685AB11AEAF0E9001DDC80 /* Images */ = {
			isa = PBXGroup;
			children = (
				9C685AB21AEAF0F9001DDC80 /* bg_galaxy_02.jpg */,
				9C685AB31AEAF0F9001DDC80 /* bg_galaxy_01.jpg */,
				9C685AB41AEAF0F9001DDC80 /* bg_galaxy_03.jpg */,
				9C685AB51AEAF0F9001DDC80 /* bg_galaxy_04.jpg */,
			);
			path = Images;
			sourceTree = "<group>";
		};
		9C685AC51AEC4B27001DDC80 /* Controls */ = {
			isa = PBXGroup;
			children = (
			);
			path = Controls;
			sourceTree = "<group>";
		};
		9C685AC91AEC4C9E001DDC80 /* Global */ = {
			isa = PBXGroup;
			children = (
				9C685ACA1AEC4CAA001DDC80 /* BTAppState.h */,
				9C685ACB1AEC4CAA001DDC80 /* BTAppState.m */,
			);
			path = Global;
			sourceTree = "<group>";
		};
		9C685AD61AEC9BE4001DDC80 /* Views */ = {
			isa = PBXGroup;
			children = (
				9C685AD71AEC9BF9001DDC80 /* BTCircleView.h */,
				9C685AD81AEC9BF9001DDC80 /* BTCircleView.m */,
				9C93561F1AECB4BB00437689 /* BTTemperatureFanView.h */,
				9C9356201AECB4BB00437689 /* BTTemperatureFanView.m */,
			);
			path = Views;
			sourceTree = "<group>";
		};
		A8264DFFDCEBA048FDAD36FB /* Frameworks */ = {
			isa = PBXGroup;
			children = (
				9C685AC31AEC0484001DDC80 /* CoreText.framework */,
				9C3200481AE27C3B003721CF /* CoreBluetooth.framework */,
				947C71A65AB8827BDAC39AD1 /* libPods-Bluetooth.a */,
			);
			name = Frameworks;
			sourceTree = "<group>";
		};
/* End PBXGroup section */

/* Begin PBXNativeTarget section */
		9C1E75101AE077470047D04E /* Bluetooth */ = {
			isa = PBXNativeTarget;
			buildConfigurationList = 9C1E75341AE077470047D04E /* Build configuration list for PBXNativeTarget "Bluetooth" */;
			buildPhases = (
				5C55E95A6A91568F80DBCDD1 /* Check Pods Manifest.lock */,
				9C1E750D1AE077470047D04E /* Sources */,
				9C1E750E1AE077470047D04E /* Frameworks */,
				9C1E750F1AE077470047D04E /* Resources */,
				8706E87FAD69854EBEF2542E /* Copy Pods Resources */,
			);
			buildRules = (
			);
			dependencies = (
			);
			name = Bluetooth;
			productName = Bluetooth;
			productReference = 9C1E75111AE077470047D04E /* Bluetooth.app */;
			productType = "com.apple.product-type.application";
		};
		9C1E75291AE077470047D04E /* BluetoothTests */ = {
			isa = PBXNativeTarget;
			buildConfigurationList = 9C1E75371AE077470047D04E /* Build configuration list for PBXNativeTarget "BluetoothTests" */;
			buildPhases = (
				9C1E75261AE077470047D04E /* Sources */,
				9C1E75271AE077470047D04E /* Frameworks */,
				9C1E75281AE077470047D04E /* Resources */,
			);
			buildRules = (
			);
			dependencies = (
				9C1E752C1AE077470047D04E /* PBXTargetDependency */,
			);
			name = BluetoothTests;
			productName = BluetoothTests;
			productReference = 9C1E752A1AE077470047D04E /* BluetoothTests.xctest */;
			productType = "com.apple.product-type.bundle.unit-test";
		};
/* End PBXNativeTarget section */

/* Begin PBXProject section */
		9C1E75091AE077470047D04E /* Project object */ = {
			isa = PBXProject;
			attributes = {
				LastUpgradeCheck = 0630;
				ORGANIZATIONNAME = "Shengzhe Chen";
				TargetAttributes = {
					9C1E75101AE077470047D04E = {
						CreatedOnToolsVersion = 6.3;
						DevelopmentTeam = YETVG3H8VD;
					};
					9C1E75291AE077470047D04E = {
						CreatedOnToolsVersion = 6.3;
						TestTargetID = 9C1E75101AE077470047D04E;
					};
				};
			};
			buildConfigurationList = 9C1E750C1AE077470047D04E /* Build configuration list for PBXProject "Bluetooth" */;
			compatibilityVersion = "Xcode 3.2";
			developmentRegion = English;
			hasScannedForEncodings = 0;
			knownRegions = (
				en,
				Base,
			);
			mainGroup = 9C1E75081AE077470047D04E;
			productRefGroup = 9C1E75121AE077470047D04E /* Products */;
			projectDirPath = "";
			projectRoot = "";
			targets = (
				9C1E75101AE077470047D04E /* Bluetooth */,
				9C1E75291AE077470047D04E /* BluetoothTests */,
			);
		};
/* End PBXProject section */

/* Begin PBXResourcesBuildPhase section */
		9C1E750F1AE077470047D04E /* Resources */ = {
			isa = PBXResourcesBuildPhase;
			buildActionMask = 2147483647;
			files = (
				9C685AB91AEAF0F9001DDC80 /* bg_galaxy_04.jpg in Resources */,
				9C685AB71AEAF0F9001DDC80 /* bg_galaxy_01.jpg in Resources */,
				9C3200691AE3F3D4003721CF /* SourceSansPro-ExtraLightItalic.ttf in Resources */,
				9C32006A1AE3F3D4003721CF /* SourceSansPro-Italic.ttf in Resources */,
				9C8B4EAA1AEEB0B8002955AD /* digital-7 (italic).ttf in Resources */,
				9C3200651AE3F3D4003721CF /* SourceSansPro-BlackItalic.ttf in Resources */,
				9C32006D1AE3F3D4003721CF /* SourceSansPro-Regular.ttf in Resources */,
				9C32006B1AE3F3D4003721CF /* SourceSansPro-Light.ttf in Resources */,
				9C1E75201AE077470047D04E /* Main.storyboard in Resources */,
				9C3200631AE3F3D4003721CF /* Sketchnote Text Regular.otf in Resources */,
				9C8B4EAB1AEEB0B8002955AD /* digital-7 (mono).ttf in Resources */,
				9C685AB61AEAF0F9001DDC80 /* bg_galaxy_02.jpg in Resources */,
				9C3200681AE3F3D4003721CF /* SourceSansPro-ExtraLight.ttf in Resources */,
				9C8B4EAC1AEEB0B8002955AD /* digital-7.ttf in Resources */,
				9C3200671AE3F3D4003721CF /* SourceSansPro-BoldItalic.ttf in Resources */,
				9C1E75251AE077470047D04E /* LaunchScreen.xib in Resources */,
				9C32006F1AE3F3D4003721CF /* SourceSansPro-SemiboldItalic.ttf in Resources */,
				9C3200641AE3F3D4003721CF /* SourceSansPro-Black.ttf in Resources */,
				9C3200661AE3F3D4003721CF /* SourceSansPro-Bold.ttf in Resources */,
				9C685AB81AEAF0F9001DDC80 /* bg_galaxy_03.jpg in Resources */,
				9C1E75221AE077470047D04E /* Images.xcassets in Resources */,
				9C32006C1AE3F3D4003721CF /* SourceSansPro-LightItalic.ttf in Resources */,
				9C32006E1AE3F3D4003721CF /* SourceSansPro-Semibold.ttf in Resources */,
			);
			runOnlyForDeploymentPostprocessing = 0;
		};
		9C1E75281AE077470047D04E /* Resources */ = {
			isa = PBXResourcesBuildPhase;
			buildActionMask = 2147483647;
			files = (
			);
			runOnlyForDeploymentPostprocessing = 0;
		};
/* End PBXResourcesBuildPhase section */

/* Begin PBXShellScriptBuildPhase section */
		5C55E95A6A91568F80DBCDD1 /* Check Pods Manifest.lock */ = {
			isa = PBXShellScriptBuildPhase;
			buildActionMask = 2147483647;
			files = (
			);
			inputPaths = (
			);
			name = "Check Pods Manifest.lock";
			outputPaths = (
			);
			runOnlyForDeploymentPostprocessing = 0;
			shellPath = /bin/sh;
			shellScript = "diff \"${PODS_ROOT}/../Podfile.lock\" \"${PODS_ROOT}/Manifest.lock\" > /dev/null\nif [[ $? != 0 ]] ; then\n    cat << EOM\nerror: The sandbox is not in sync with the Podfile.lock. Run 'pod install' or update your CocoaPods installation.\nEOM\n    exit 1\nfi\n";
			showEnvVarsInLog = 0;
		};
		8706E87FAD69854EBEF2542E /* Copy Pods Resources */ = {
			isa = PBXShellScriptBuildPhase;
			buildActionMask = 2147483647;
			files = (
			);
			inputPaths = (
			);
			name = "Copy Pods Resources";
			outputPaths = (
			);
			runOnlyForDeploymentPostprocessing = 0;
			shellPath = /bin/sh;
			shellScript = "\"${SRCROOT}/Pods/Target Support Files/Pods-Bluetooth/Pods-Bluetooth-resources.sh\"\n";
			showEnvVarsInLog = 0;
		};
/* End PBXShellScriptBuildPhase section */

/* Begin PBXSourcesBuildPhase section */
		9C1E750D1AE077470047D04E /* Sources */ = {
			isa = PBXSourcesBuildPhase;
			buildActionMask = 2147483647;
			files = (
				9C685AD21AEC59C8001DDC80 /* NSNumber+Bluetooth.m in Sources */,
				9C685ABC1AEAFE3D001DDC80 /* BTDataPackage.m in Sources */,
				9C8B4EB51AF01332002955AD /* CBPeripheral+Bluetooth.m in Sources */,
				9C8B4EAF1AEEB591002955AD /* BTPickerAnimator.m in Sources */,
				9C32004F1AE3F188003721CF /* ViewController.m in Sources */,
				9C8B4EA61AEE92D3002955AD /* BTTemperaturePickerSupporter.m in Sources */,
				9CD08DA21AE9A6DE0051D4F5 /* CBUUID+Bluetooth.m in Sources */,
				9C685AAC1AEAB196001DDC80 /* BTDeviceListSupporter.m in Sources */,
				9C8B4EA31AEE9187002955AD /* BTLabelTableViewCell.m in Sources */,
				9C1E751A1AE077470047D04E /* AppDelegate.m in Sources */,
				9C3200811AE408D2003721CF /* BTTableViewCellFactory.m in Sources */,
				9C3200791AE40849003721CF /* BTDeviceListViewController.m in Sources */,
				9C351C0D1AECDC9F002620A8 /* UIImage+Bluetooth.m in Sources */,
				9C685AC81AEC4B7E001DDC80 /* BTDegreeUnitSwitchCell.m in Sources */,
				9C32007E1AE408A7003721CF /* BTDeviceListTableViewCell.m in Sources */,
				9C685AC21AEC0148001DDC80 /* NSString+Bluetooth.m in Sources */,
				9C351C111AECE535002620A8 /* BTFadeAnimator.m in Sources */,
				9C3200721AE3F43A003721CF /* NSData+Bluetooth.m in Sources */,
				9C685AD91AEC9BF9001DDC80 /* BTCircleView.m in Sources */,
				9C8B4EB21AEFDA62002955AD /* BTPackageManager.m in Sources */,
				9C1E75171AE077470047D04E /* main.m in Sources */,
				9C685ACC1AEC4CAA001DDC80 /* BTAppState.m in Sources */,
				9CD08DA51AE9B3DC0051D4F5 /* BTBLEServiceCharacteristicMapper.m in Sources */,
				9C685ABF1AEB6D07001DDC80 /* UIColor+Bluetooth.m in Sources */,
				9C9356211AECB4BB00437689 /* BTTemperatureFanView.m in Sources */,
				9CF17BA91AE8AA8300831B16 /* BTBluetoothManager.m in Sources */,
				9C685AD51AEC9B16001DDC80 /* BTTemperatureAdjustViewController.m in Sources */,
				9C3200531AE3F1FF003721CF /* UIFont+Bluetooth.m in Sources */,
				9C8B4EA01AEE80E9002955AD /* BTTemperaturePickerViewController.m in Sources */,
				9C8B4EB81AF0146B002955AD /* CBService+Bluetooth.m in Sources */,
			);
			runOnlyForDeploymentPostprocessing = 0;
		};
		9C1E75261AE077470047D04E /* Sources */ = {
			isa = PBXSourcesBuildPhase;
			buildActionMask = 2147483647;
			files = (
				9C1E75311AE077470047D04E /* BluetoothTests.m in Sources */,
			);
			runOnlyForDeploymentPostprocessing = 0;
		};
/* End PBXSourcesBuildPhase section */

/* Begin PBXTargetDependency section */
		9C1E752C1AE077470047D04E /* PBXTargetDependency */ = {
			isa = PBXTargetDependency;
			target = 9C1E75101AE077470047D04E /* Bluetooth */;
			targetProxy = 9C1E752B1AE077470047D04E /* PBXContainerItemProxy */;
		};
/* End PBXTargetDependency section */

/* Begin PBXVariantGroup section */
		9C1E751E1AE077470047D04E /* Main.storyboard */ = {
			isa = PBXVariantGroup;
			children = (
				9C1E751F1AE077470047D04E /* Base */,
			);
			name = Main.storyboard;
			sourceTree = "<group>";
		};
		9C1E75231AE077470047D04E /* LaunchScreen.xib */ = {
			isa = PBXVariantGroup;
			children = (
				9C1E75241AE077470047D04E /* Base */,
			);
			name = LaunchScreen.xib;
			sourceTree = "<group>";
		};
/* End PBXVariantGroup section */

/* Begin XCBuildConfiguration section */
		9C1E75321AE077470047D04E /* Debug */ = {
			isa = XCBuildConfiguration;
			buildSettings = {
				ALWAYS_SEARCH_USER_PATHS = NO;
				CLANG_CXX_LANGUAGE_STANDARD = "gnu++0x";
				CLANG_CXX_LIBRARY = "libc++";
				CLANG_ENABLE_MODULES = YES;
				CLANG_ENABLE_OBJC_ARC = YES;
				CLANG_WARN_BOOL_CONVERSION = YES;
				CLANG_WARN_CONSTANT_CONVERSION = YES;
				CLANG_WARN_DIRECT_OBJC_ISA_USAGE = YES_ERROR;
				CLANG_WARN_EMPTY_BODY = YES;
				CLANG_WARN_ENUM_CONVERSION = YES;
				CLANG_WARN_INT_CONVERSION = YES;
				CLANG_WARN_OBJC_ROOT_CLASS = YES_ERROR;
				CLANG_WARN_UNREACHABLE_CODE = YES;
				CLANG_WARN__DUPLICATE_METHOD_MATCH = YES;
				"CODE_SIGN_IDENTITY[sdk=iphoneos*]" = "iPhone Developer";
				COPY_PHASE_STRIP = NO;
				DEBUG_INFORMATION_FORMAT = "dwarf-with-dsym";
				ENABLE_STRICT_OBJC_MSGSEND = YES;
				GCC_C_LANGUAGE_STANDARD = gnu99;
				GCC_DYNAMIC_NO_PIC = NO;
				GCC_NO_COMMON_BLOCKS = YES;
				GCC_OPTIMIZATION_LEVEL = 0;
				GCC_PREPROCESSOR_DEFINITIONS = (
					"DEBUG=1",
					"$(inherited)",
				);
				GCC_SYMBOLS_PRIVATE_EXTERN = NO;
				GCC_WARN_64_TO_32_BIT_CONVERSION = YES;
				GCC_WARN_ABOUT_RETURN_TYPE = YES_ERROR;
				GCC_WARN_UNDECLARED_SELECTOR = YES;
				GCC_WARN_UNINITIALIZED_AUTOS = YES_AGGRESSIVE;
				GCC_WARN_UNUSED_FUNCTION = YES;
				GCC_WARN_UNUSED_VARIABLE = YES;
				IPHONEOS_DEPLOYMENT_TARGET = 8.1;
				MTL_ENABLE_DEBUG_INFO = YES;
				ONLY_ACTIVE_ARCH = YES;
				SDKROOT = iphoneos;
			};
			name = Debug;
		};
		9C1E75331AE077470047D04E /* Release */ = {
			isa = XCBuildConfiguration;
			buildSettings = {
				ALWAYS_SEARCH_USER_PATHS = NO;
				CLANG_CXX_LANGUAGE_STANDARD = "gnu++0x";
				CLANG_CXX_LIBRARY = "libc++";
				CLANG_ENABLE_MODULES = YES;
				CLANG_ENABLE_OBJC_ARC = YES;
				CLANG_WARN_BOOL_CONVERSION = YES;
				CLANG_WARN_CONSTANT_CONVERSION = YES;
				CLANG_WARN_DIRECT_OBJC_ISA_USAGE = YES_ERROR;
				CLANG_WARN_EMPTY_BODY = YES;
				CLANG_WARN_ENUM_CONVERSION = YES;
				CLANG_WARN_INT_CONVERSION = YES;
				CLANG_WARN_OBJC_ROOT_CLASS = YES_ERROR;
				CLANG_WARN_UNREACHABLE_CODE = YES;
				CLANG_WARN__DUPLICATE_METHOD_MATCH = YES;
				"CODE_SIGN_IDENTITY[sdk=iphoneos*]" = "iPhone Developer";
				COPY_PHASE_STRIP = NO;
				DEBUG_INFORMATION_FORMAT = "dwarf-with-dsym";
				ENABLE_NS_ASSERTIONS = NO;
				ENABLE_STRICT_OBJC_MSGSEND = YES;
				GCC_C_LANGUAGE_STANDARD = gnu99;
				GCC_NO_COMMON_BLOCKS = YES;
				GCC_WARN_64_TO_32_BIT_CONVERSION = YES;
				GCC_WARN_ABOUT_RETURN_TYPE = YES_ERROR;
				GCC_WARN_UNDECLARED_SELECTOR = YES;
				GCC_WARN_UNINITIALIZED_AUTOS = YES_AGGRESSIVE;
				GCC_WARN_UNUSED_FUNCTION = YES;
				GCC_WARN_UNUSED_VARIABLE = YES;
				IPHONEOS_DEPLOYMENT_TARGET = 8.1;
				MTL_ENABLE_DEBUG_INFO = NO;
				SDKROOT = iphoneos;
				VALIDATE_PRODUCT = YES;
			};
			name = Release;
		};
		9C1E75351AE077470047D04E /* Debug */ = {
			isa = XCBuildConfiguration;
			baseConfigurationReference = B36F6CACB97035D430073360 /* Pods-Bluetooth.debug.xcconfig */;
			buildSettings = {
				ASSETCATALOG_COMPILER_APPICON_NAME = AppIcon;
				CODE_SIGN_IDENTITY = "iPhone Developer";
				Debug = 1;
				GCC_PRECOMPILE_PREFIX_HEADER = YES;
				GCC_PREFIX_HEADER = "$SRCROOT/Bluetooth/Bluetooth-PrefixHeader.pch";
				GCC_WARN_UNDECLARED_SELECTOR = NO;
				INFOPLIST_FILE = Bluetooth/Info.plist;
				IPHONEOS_DEPLOYMENT_TARGET = 8.1;
				LD_RUNPATH_SEARCH_PATHS = "$(inherited) @executable_path/Frameworks";
				PRODUCT_NAME = "$(TARGET_NAME)";
				TARGETED_DEVICE_FAMILY = "1,2";
			};
			name = Debug;
		};
		9C1E75361AE077470047D04E /* Release */ = {
			isa = XCBuildConfiguration;
			baseConfigurationReference = 7FC142BA1D03E919395E2655 /* Pods-Bluetooth.release.xcconfig */;
			buildSettings = {
				ASSETCATALOG_COMPILER_APPICON_NAME = AppIcon;
				CODE_SIGN_IDENTITY = "iPhone Developer";
				Debug = 1;
				GCC_PRECOMPILE_PREFIX_HEADER = YES;
				GCC_PREFIX_HEADER = "$SRCROOT/Bluetooth/Bluetooth-PrefixHeader.pch";
				GCC_WARN_UNDECLARED_SELECTOR = NO;
				INFOPLIST_FILE = Bluetooth/Info.plist;
				IPHONEOS_DEPLOYMENT_TARGET = 8.1;
				LD_RUNPATH_SEARCH_PATHS = "$(inherited) @executable_path/Frameworks";
				PRODUCT_NAME = "$(TARGET_NAME)";
				TARGETED_DEVICE_FAMILY = "1,2";
			};
			name = Release;
		};
		9C1E75381AE077470047D04E /* Debug */ = {
			isa = XCBuildConfiguration;
			buildSettings = {
				BUNDLE_LOADER = "$(TEST_HOST)";
				FRAMEWORK_SEARCH_PATHS = (
					"$(SDKROOT)/Developer/Library/Frameworks",
					"$(inherited)",
				);
				GCC_PREPROCESSOR_DEFINITIONS = (
					"DEBUG=1",
					"$(inherited)",
				);
				INFOPLIST_FILE = BluetoothTests/Info.plist;
				LD_RUNPATH_SEARCH_PATHS = "$(inherited) @executable_path/Frameworks @loader_path/Frameworks";
				PRODUCT_NAME = "$(TARGET_NAME)";
				TEST_HOST = "$(BUILT_PRODUCTS_DIR)/Bluetooth.app/Bluetooth";
			};
			name = Debug;
		};
		9C1E75391AE077470047D04E /* Release */ = {
			isa = XCBuildConfiguration;
			buildSettings = {
				BUNDLE_LOADER = "$(TEST_HOST)";
				FRAMEWORK_SEARCH_PATHS = (
					"$(SDKROOT)/Developer/Library/Frameworks",
					"$(inherited)",
				);
				INFOPLIST_FILE = BluetoothTests/Info.plist;
				LD_RUNPATH_SEARCH_PATHS = "$(inherited) @executable_path/Frameworks @loader_path/Frameworks";
				PRODUCT_NAME = "$(TARGET_NAME)";
				TEST_HOST = "$(BUILT_PRODUCTS_DIR)/Bluetooth.app/Bluetooth";
			};
			name = Release;
		};
/* End XCBuildConfiguration section */

/* Begin XCConfigurationList section */
		9C1E750C1AE077470047D04E /* Build configuration list for PBXProject "Bluetooth" */ = {
			isa = XCConfigurationList;
			buildConfigurations = (
				9C1E75321AE077470047D04E /* Debug */,
				9C1E75331AE077470047D04E /* Release */,
			);
			defaultConfigurationIsVisible = 0;
			defaultConfigurationName = Release;
		};
		9C1E75341AE077470047D04E /* Build configuration list for PBXNativeTarget "Bluetooth" */ = {
			isa = XCConfigurationList;
			buildConfigurations = (
				9C1E75351AE077470047D04E /* Debug */,
				9C1E75361AE077470047D04E /* Release */,
			);
			defaultConfigurationIsVisible = 0;
			defaultConfigurationName = Release;
		};
		9C1E75371AE077470047D04E /* Build configuration list for PBXNativeTarget "BluetoothTests" */ = {
			isa = XCConfigurationList;
			buildConfigurations = (
				9C1E75381AE077470047D04E /* Debug */,
				9C1E75391AE077470047D04E /* Release */,
			);
			defaultConfigurationIsVisible = 0;
			defaultConfigurationName = Release;
		};
/* End XCConfigurationList section */
	};
	rootObject = 9C1E75091AE077470047D04E /* Project object */;
}
